
Microsoft Visual Studio Solution File, Format Version 12.00
# Visual Studio Version 17
VisualStudioVersion = 17.9.34622.214
MinimumVisualStudioVersion = 10.0.40219.1
Project("{9A19103F-16F7-4668-BE54-9A1E7A4F7556}") = "BKey.Util.Encode", "BKey.Util.Encode\BKey.Util.Encode.csproj", "{5A46C4DF-D427-4593-906E-924098D3E5C8}"
EndProject
Project("{FAE04EC0-301F-11D3-BF4B-00C04F79EFBC}") = "BKey.Util.Encode.Tests", "BKey.Util.Encode.Tests\BKey.Util.Encode.Tests.csproj", "{A458DBBB-EAD7-4DCC-83F9-9527211DFDC9}"
EndProject
Global
	GlobalSection(SolutionConfigurationPlatforms) = preSolution
		Debug|Any CPU = Debug|Any CPU
		Release|Any CPU = Release|Any CPU
	EndGlobalSection
	GlobalSection(ProjectConfigurationPlatforms) = postSolution
		{5A46C4DF-D427-4593-906E-924098D3E5C8}.Debug|Any CPU.ActiveCfg = Debug|Any CPU
		{5A46C4DF-D427-4593-906E-924098D3E5C8}.Debug|Any CPU.Build.0 = Debug|Any CPU
		{5A46C4DF-D427-4593-906E-924098D3E5C8}.Release|Any CPU.ActiveCfg = Release|Any CPU
		{5A46C4DF-D427-4593-906E-924098D3E5C8}.Release|Any CPU.Build.0 = Release|Any CPU
		{A458DBBB-EAD7-4DCC-83F9-9527211DFDC9}.Debug|Any CPU.ActiveCfg = Debug|Any CPU
		{A458DBBB-EAD7-4DCC-83F9-9527211DFDC9}.Debug|Any CPU.Build.0 = Debug|Any CPU
		{A458DBBB-EAD7-4DCC-83F9-9527211DFDC9}.Release|Any CPU.ActiveCfg = Release|Any CPU
		{A458DBBB-EAD7-4DCC-83F9-9527211DFDC9}.Release|Any CPU.Build.0 = Release|Any CPU
	EndGlobalSection
	GlobalSection(SolutionProperties) = preSolution
		HideSolutionNode = FALSE
	EndGlobalSection
	GlobalSection(ExtensibilityGlobals) = postSolution
		SolutionGuid = {E81DC38D-D988-473C-A25A-8E761E300B56}
	EndGlobalSection
EndGlobal
